
Microsoft Visual Studio Solution File, Format Version 12.00
# Visual Studio 15
VisualStudioVersion = 15.0.28010.2046
MinimumVisualStudioVersion = 10.0.40219.1
Project("{FAE04EC0-301F-11D3-BF4B-00C04F79EFBC}") = "ReportDemo", "ReportDemo\ReportDemo.csproj", "{CFECBB5B-ECB5-470A-BB0D-0DEBA94E3ACE}"
EndProject
Global
	GlobalSection(SolutionConfigurationPlatforms) = preSolution
		Debug|Any CPU = Debug|Any CPU
		Release|Any CPU = Release|Any CPU
	EndGlobalSection
	GlobalSection(ProjectConfigurationPlatforms) = postSolution
		{CFECBB5B-ECB5-470A-BB0D-0DEBA94E3ACE}.Debug|Any CPU.ActiveCfg = Debug|Any CPU
		{CFECBB5B-ECB5-470A-BB0D-0DEBA94E3ACE}.Debug|Any CPU.Build.0 = Debug|Any CPU
		{CFECBB5B-ECB5-470A-BB0D-0DEBA94E3ACE}.Release|Any CPU.ActiveCfg = Release|Any CPU
		{CFECBB5B-ECB5-470A-BB0D-0DEBA94E3ACE}.Release|Any CPU.Build.0 = Release|Any CPU
	EndGlobalSection
	GlobalSection(SolutionProperties) = preSolution
		HideSolutionNode = FALSE
	EndGlobalSection
	GlobalSection(ExtensibilityGlobals) = postSolution
		SolutionGuid = {53785E4C-7041-432D-94FD-4C85670A5FC1}
	EndGlobalSection
EndGlobal
